
Microsoft Visual Studio Solution File, Format Version 12.00
# Visual Studio Version 17
VisualStudioVersion = 17.3.32825.248
MinimumVisualStudioVersion = 10.0.40219.1
Project("{9A19103F-16F7-4668-BE54-9A1E7A4F7556}") = "Manage", "Manage\Manage.csproj", "{C0053820-A9A7-4D8F-9554-C92AD7A608C3}"
EndProject
Global
	GlobalSection(SolutionConfigurationPlatforms) = preSolution
		Debug|Any CPU = Debug|Any CPU
		Release|Any CPU = Release|Any CPU
	EndGlobalSection
	GlobalSection(ProjectConfigurationPlatforms) = postSolution
		{C0053820-A9A7-4D8F-9554-C92AD7A608C3}.Debug|Any CPU.ActiveCfg = Debug|Any CPU
		{C0053820-A9A7-4D8F-9554-C92AD7A608C3}.Debug|Any CPU.Build.0 = Debug|Any CPU
		{C0053820-A9A7-4D8F-9554-C92AD7A608C3}.Release|Any CPU.ActiveCfg = Release|Any CPU
		{C0053820-A9A7-4D8F-9554-C92AD7A608C3}.Release|Any CPU.Build.0 = Release|Any CPU
	EndGlobalSection
	GlobalSection(SolutionProperties) = preSolution
		HideSolutionNode = FALSE
	EndGlobalSection
	GlobalSection(ExtensibilityGlobals) = postSolution
		SolutionGuid = {88BA3AC1-E726-41C6-828B-F71D5EC29A60}
	EndGlobalSection
EndGlobal
